// !$*UTF8*$!
{
	archiveVersion = 1;
	classes = {
	};
	objectVersion = 56;
	objects = {

/* Begin PBXBuildFile section */
		6C5DA0562AB7341500A47D21 /* TextModifiersApp.swift in Sources */ = {isa = PBXBuildFile; fileRef = 6C5DA0552AB7341500A47D21 /* TextModifiersApp.swift */; };
		6C5DA0582AB7341500A47D21 /* ContentView.swift in Sources */ = {isa = PBXBuildFile; fileRef = 6C5DA0572AB7341500A47D21 /* ContentView.swift */; };
		6C5DA05A2AB7341600A47D21 /* Assets.xcassets in Resources */ = {isa = PBXBuildFile; fileRef = 6C5DA0592AB7341600A47D21 /* Assets.xcassets */; };
		6C5DA05D2AB7341600A47D21 /* Preview Assets.xcassets in Resources */ = {isa = PBXBuildFile; fileRef = 6C5DA05C2AB7341600A47D21 /* Preview Assets.xcassets */; };
		6C5DA0642AB734AD00A47D21 /* BasicView.swift in Sources */ = {isa = PBXBuildFile; fileRef = 6C5DA0632AB734AD00A47D21 /* BasicView.swift */; };
		6C5DA06A2AB7523A00A47D21 /* Pretendard-Light.otf in Resources */ = {isa = PBXBuildFile; fileRef = 6C5DA0672AB7523800A47D21 /* Pretendard-Light.otf */; };
		6C5DA06B2AB7523A00A47D21 /* Pretendard-Medium.otf in Resources */ = {isa = PBXBuildFile; fileRef = 6C5DA0682AB7523900A47D21 /* Pretendard-Medium.otf */; };
		6C5DA06C2AB7523A00A47D21 /* Pretendard-ExtraBold.otf in Resources */ = {isa = PBXBuildFile; fileRef = 6C5DA0692AB7523A00A47D21 /* Pretendard-ExtraBold.otf */; };
		6C5DA0702AB7557B00A47D21 /* CustomFontStyle.swift in Sources */ = {isa = PBXBuildFile; fileRef = 6C5DA06F2AB7557B00A47D21 /* CustomFontStyle.swift */; };
/* End PBXBuildFile section */

/* Begin PBXFileReference section */
		6C5DA0522AB7341500A47D21 /* TextModifiers.app */ = {isa = PBXFileReference; explicitFileType = wrapper.application; includeInIndex = 0; path = TextModifiers.app; sourceTree = BUILT_PRODUCTS_DIR; };
		6C5DA0552AB7341500A47D21 /* TextModifiersApp.swift */ = {isa = PBXFileReference; lastKnownFileType = sourcecode.swift; path = TextModifiersApp.swift; sourceTree = "<group>"; };
		6C5DA0572AB7341500A47D21 /* ContentView.swift */ = {isa = PBXFileReference; lastKnownFileType = sourcecode.swift; path = ContentView.swift; sourceTree = "<group>"; };
		6C5DA0592AB7341600A47D21 /* Assets.xcassets */ = {isa = PBXFileReference; lastKnownFileType = folder.assetcatalog; path = Assets.xcassets; sourceTree = "<group>"; };
		6C5DA05C2AB7341600A47D21 /* Preview Assets.xcassets */ = {isa = PBXFileReference; lastKnownFileType = folder.assetcatalog; path = "Preview Assets.xcassets"; sourceTree = "<group>"; };
		6C5DA0632AB734AD00A47D21 /* BasicView.swift */ = {isa = PBXFileReference; lastKnownFileType = sourcecode.swift; path = BasicView.swift; sourceTree = "<group>"; };
		6C5DA0672AB7523800A47D21 /* Pretendard-Light.otf */ = {isa = PBXFileReference; lastKnownFileType = file; path = "Pretendard-Light.otf"; sourceTree = "<group>"; };
		6C5DA0682AB7523900A47D21 /* Pretendard-Medium.otf */ = {isa = PBXFileReference; lastKnownFileType = file; path = "Pretendard-Medium.otf"; sourceTree = "<group>"; };
		6C5DA0692AB7523A00A47D21 /* Pretendard-ExtraBold.otf */ = {isa = PBXFileReference; lastKnownFileType = file; path = "Pretendard-ExtraBold.otf"; sourceTree = "<group>"; };
		6C5DA06D2AB752B000A47D21 /* Info.plist */ = {isa = PBXFileReference; lastKnownFileType = text.plist; path = Info.plist; sourceTree = "<group>"; };
		6C5DA06F2AB7557B00A47D21 /* CustomFontStyle.swift */ = {isa = PBXFileReference; lastKnownFileType = sourcecode.swift; path = CustomFontStyle.swift; sourceTree = "<group>"; };
/* End PBXFileReference section */

/* Begin PBXFrameworksBuildPhase section */
		6C5DA04F2AB7341500A47D21 /* Frameworks */ = {
			isa = PBXFrameworksBuildPhase;
			buildActionMask = 2147483647;
			files = (
			);
			runOnlyForDeploymentPostprocessing = 0;
		};
/* End PBXFrameworksBuildPhase section */

/* Begin PBXGroup section */
		6C5DA0492AB7341500A47D21 = {
			isa = PBXGroup;
			children = (
				6C5DA0542AB7341500A47D21 /* TextModifiers */,
				6C5DA0532AB7341500A47D21 /* Products */,
			);
			sourceTree = "<group>";
		};
		6C5DA0532AB7341500A47D21 /* Products */ = {
			isa = PBXGroup;
			children = (
				6C5DA0522AB7341500A47D21 /* TextModifiers.app */,
			);
			name = Products;
			sourceTree = "<group>";
		};
		6C5DA0542AB7341500A47D21 /* TextModifiers */ = {
			isa = PBXGroup;
			children = (
				6C5DA06D2AB752B000A47D21 /* Info.plist */,
				6C5DA06E2AB7554500A47D21 /* Utils */,
				6C5DA0652AB751E300A47D21 /* Assets */,
				6C5DA0632AB734AD00A47D21 /* BasicView.swift */,
				6C5DA0552AB7341500A47D21 /* TextModifiersApp.swift */,
				6C5DA0572AB7341500A47D21 /* ContentView.swift */,
				6C5DA05B2AB7341600A47D21 /* Preview Content */,
			);
			path = TextModifiers;
			sourceTree = "<group>";
		};
		6C5DA05B2AB7341600A47D21 /* Preview Content */ = {
			isa = PBXGroup;
			children = (
				6C5DA05C2AB7341600A47D21 /* Preview Assets.xcassets */,
			);
			path = "Preview Content";
			sourceTree = "<group>";
		};
		6C5DA0652AB751E300A47D21 /* Assets */ = {
			isa = PBXGroup;
			children = (
				6C5DA0662AB751ED00A47D21 /* Fonts */,
				6C5DA0592AB7341600A47D21 /* Assets.xcassets */,
			);
			path = Assets;
			sourceTree = "<group>";
		};
		6C5DA0662AB751ED00A47D21 /* Fonts */ = {
			isa = PBXGroup;
			children = (
				6C5DA0692AB7523A00A47D21 /* Pretendard-ExtraBold.otf */,
				6C5DA0672AB7523800A47D21 /* Pretendard-Light.otf */,
				6C5DA0682AB7523900A47D21 /* Pretendard-Medium.otf */,
			);
			path = Fonts;
			sourceTree = "<group>";
		};
		6C5DA06E2AB7554500A47D21 /* Utils */ = {
			isa = PBXGroup;
			children = (
				6C5DA06F2AB7557B00A47D21 /* CustomFontStyle.swift */,
			);
			path = Utils;
			sourceTree = "<group>";
		};
/* End PBXGroup section */

/* Begin PBXNativeTarget section */
		6C5DA0512AB7341500A47D21 /* TextModifiers */ = {
			isa = PBXNativeTarget;
			buildConfigurationList = 6C5DA0602AB7341600A47D21 /* Build configuration list for PBXNativeTarget "TextModifiers" */;
			buildPhases = (
				6C5DA04E2AB7341500A47D21 /* Sources */,
				6C5DA04F2AB7341500A47D21 /* Frameworks */,
				6C5DA0502AB7341500A47D21 /* Resources */,
			);
			buildRules = (
			);
			dependencies = (
			);
			name = TextModifiers;
			productName = TextModifiers;
			productReference = 6C5DA0522AB7341500A47D21 /* TextModifiers.app */;
			productType = "com.apple.product-type.application";
		};
/* End PBXNativeTarget section */

/* Begin PBXProject section */
		6C5DA04A2AB7341500A47D21 /* Project object */ = {
			isa = PBXProject;
			attributes = {
				BuildIndependentTargetsInParallel = 1;
				LastSwiftUpdateCheck = 1430;
				LastUpgradeCheck = 1430;
				TargetAttributes = {
					6C5DA0512AB7341500A47D21 = {
						CreatedOnToolsVersion = 14.3.1;
					};
				};
			};
			buildConfigurationList = 6C5DA04D2AB7341500A47D21 /* Build configuration list for PBXProject "TextModifiers" */;
			compatibilityVersion = "Xcode 14.0";
			developmentRegion = en;
			hasScannedForEncodings = 0;
			knownRegions = (
				en,
				Base,
			);
			mainGroup = 6C5DA0492AB7341500A47D21;
			productRefGroup = 6C5DA0532AB7341500A47D21 /* Products */;
			projectDirPath = "";
			projectRoot = "";
			targets = (
				6C5DA0512AB7341500A47D21 /* TextModifiers */,
			);
		};
/* End PBXProject section */

/* Begin PBXResourcesBuildPhase section */
		6C5DA0502AB7341500A47D21 /* Resources */ = {
			isa = PBXResourcesBuildPhase;
			buildActionMask = 2147483647;
			files = (
				6C5DA05D2AB7341600A47D21 /* Preview Assets.xcassets in Resources */,
				6C5DA05A2AB7341600A47D21 /* Assets.xcassets in Resources */,
				6C5DA06C2AB7523A00A47D21 /* Pretendard-ExtraBold.otf in Resources */,
				6C5DA06A2AB7523A00A47D21 /* Pretendard-Light.otf in Resources */,
				6C5DA06B2AB7523A00A47D21 /* Pretendard-Medium.otf in Resources */,
			);
			runOnlyForDeploymentPostprocessing = 0;
		};
/* End PBXResourcesBuildPhase section */

/* Begin PBXSourcesBuildPhase section */
		6C5DA04E2AB7341500A47D21 /* Sources */ = {
			isa = PBXSourcesBuildPhase;
			buildActionMask = 2147483647;
			files = (
				6C5DA0642AB734AD00A47D21 /* BasicView.swift in Sources */,
				6C5DA0582AB7341500A47D21 /* ContentView.swift in Sources */,
				6C5DA0562AB7341500A47D21 /* TextModifiersApp.swift in Sources */,
				6C5DA0702AB7557B00A47D21 /* CustomFontStyle.swift in Sources */,
			);
			runOnlyForDeploymentPostprocessing = 0;
		};
/* End PBXSourcesBuildPhase section */

/* Begin XCBuildConfiguration section */
		6C5DA05E2AB7341600A47D21 /* Debug */ = {
			isa = XCBuildConfiguration;
			buildSettings = {
				ALWAYS_SEARCH_USER_PATHS = NO;
				CLANG_ANALYZER_NONNULL = YES;
				CLANG_ANALYZER_NUMBER_OBJECT_CONVERSION = YES_AGGRESSIVE;
				CLANG_CXX_LANGUAGE_STANDARD = "gnu++20";
				CLANG_ENABLE_MODULES = YES;
				CLANG_ENABLE_OBJC_ARC = YES;
				CLANG_ENABLE_OBJC_WEAK = YES;
				CLANG_WARN_BLOCK_CAPTURE_AUTORELEASING = YES;
				CLANG_WARN_BOOL_CONVERSION = YES;
				CLANG_WARN_COMMA = YES;
				CLANG_WARN_CONSTANT_CONVERSION = YES;
				CLANG_WARN_DEPRECATED_OBJC_IMPLEMENTATIONS = YES;
				CLANG_WARN_DIRECT_OBJC_ISA_USAGE = YES_ERROR;
				CLANG_WARN_DOCUMENTATION_COMMENTS = YES;
				CLANG_WARN_EMPTY_BODY = YES;
				CLANG_WARN_ENUM_CONVERSION = YES;
				CLANG_WARN_INFINITE_RECURSION = YES;
				CLANG_WARN_INT_CONVERSION = YES;
				CLANG_WARN_NON_LITERAL_NULL_CONVERSION = YES;
				CLANG_WARN_OBJC_IMPLICIT_RETAIN_SELF = YES;
				CLANG_WARN_OBJC_LITERAL_CONVERSION = YES;
				CLANG_WARN_OBJC_ROOT_CLASS = YES_ERROR;
				CLANG_WARN_QUOTED_INCLUDE_IN_FRAMEWORK_HEADER = YES;
				CLANG_WARN_RANGE_LOOP_ANALYSIS = YES;
				CLANG_WARN_STRICT_PROTOTYPES = YES;
				CLANG_WARN_SUSPICIOUS_MOVE = YES;
				CLANG_WARN_UNGUARDED_AVAILABILITY = YES_AGGRESSIVE;
				CLANG_WARN_UNREACHABLE_CODE = YES;
				CLANG_WARN__DUPLICATE_METHOD_MATCH = YES;
				COPY_PHASE_STRIP = NO;
				DEBUG_INFORMATION_FORMAT = dwarf;
				ENABLE_STRICT_OBJC_MSGSEND = YES;
				ENABLE_TESTABILITY = YES;
				GCC_C_LANGUAGE_STANDARD = gnu11;
				GCC_DYNAMIC_NO_PIC = NO;
				GCC_NO_COMMON_BLOCKS = YES;
				GCC_OPTIMIZATION_LEVEL = 0;
				GCC_PREPROCESSOR_DEFINITIONS = (
					"DEBUG=1",
					"$(inherited)",
				);
				GCC_WARN_64_TO_32_BIT_CONVERSION = YES;
				GCC_WARN_ABOUT_RETURN_TYPE = YES_ERROR;
				GCC_WARN_UNDECLARED_SELECTOR = YES;
				GCC_WARN_UNINITIALIZED_AUTOS = YES_AGGRESSIVE;
				GCC_WARN_UNUSED_FUNCTION = YES;
				GCC_WARN_UNUSED_VARIABLE = YES;
				IPHONEOS_DEPLOYMENT_TARGET = 16.4;
				MTL_ENABLE_DEBUG_INFO = INCLUDE_SOURCE;
				MTL_FAST_MATH = YES;
				ONLY_ACTIVE_ARCH = YES;
				SDKROOT = iphoneos;
				SWIFT_ACTIVE_COMPILATION_CONDITIONS = DEBUG;
				SWIFT_OPTIMIZATION_LEVEL = "-Onone";
			};
			name = Debug;
		};
		6C5DA05F2AB7341600A47D21 /* Release */ = {
			isa = XCBuildConfiguration;
			buildSettings = {
				ALWAYS_SEARCH_USER_PATHS = NO;
				CLANG_ANALYZER_NONNULL = YES;
				CLANG_ANALYZER_NUMBER_OBJECT_CONVERSION = YES_AGGRESSIVE;
				CLANG_CXX_LANGUAGE_STANDARD = "gnu++20";
				CLANG_ENABLE_MODULES = YES;
				CLANG_ENABLE_OBJC_ARC = YES;
				CLANG_ENABLE_OBJC_WEAK = YES;
				CLANG_WARN_BLOCK_CAPTURE_AUTORELEASING = YES;
				CLANG_WARN_BOOL_CONVERSION = YES;
				CLANG_WARN_COMMA = YES;
				CLANG_WARN_CONSTANT_CONVERSION = YES;
				CLANG_WARN_DEPRECATED_OBJC_IMPLEMENTATIONS = YES;
				CLANG_WARN_DIRECT_OBJC_ISA_USAGE = YES_ERROR;
				CLANG_WARN_DOCUMENTATION_COMMENTS = YES;
				CLANG_WARN_EMPTY_BODY = YES;
				CLANG_WARN_ENUM_CONVERSION = YES;
				CLANG_WARN_INFINITE_RECURSION = YES;
				CLANG_WARN_INT_CONVERSION = YES;
				CLANG_WARN_NON_LITERAL_NULL_CONVERSION = YES;
				CLANG_WARN_OBJC_IMPLICIT_RETAIN_SELF = YES;
				CLANG_WARN_OBJC_LITERAL_CONVERSION = YES;
				CLANG_WARN_OBJC_ROOT_CLASS = YES_ERROR;
				CLANG_WARN_QUOTED_INCLUDE_IN_FRAMEWORK_HEADER = YES;
				CLANG_WARN_RANGE_LOOP_ANALYSIS = YES;
				CLANG_WARN_STRICT_PROTOTYPES = YES;
				CLANG_WARN_SUSPICIOUS_MOVE = YES;
				CLANG_WARN_UNGUARDED_AVAILABILITY = YES_AGGRESSIVE;
				CLANG_WARN_UNREACHABLE_CODE = YES;
				CLANG_WARN__DUPLICATE_METHOD_MATCH = YES;
				COPY_PHASE_STRIP = NO;
				DEBUG_INFORMATION_FORMAT = "dwarf-with-dsym";
				ENABLE_NS_ASSERTIONS = NO;
				ENABLE_STRICT_OBJC_MSGSEND = YES;
				GCC_C_LANGUAGE_STANDARD = gnu11;
				GCC_NO_COMMON_BLOCKS = YES;
				GCC_WARN_64_TO_32_BIT_CONVERSION = YES;
				GCC_WARN_ABOUT_RETURN_TYPE = YES_ERROR;
				GCC_WARN_UNDECLARED_SELECTOR = YES;
				GCC_WARN_UNINITIALIZED_AUTOS = YES_AGGRESSIVE;
				GCC_WARN_UNUSED_FUNCTION = YES;
				GCC_WARN_UNUSED_VARIABLE = YES;
				IPHONEOS_DEPLOYMENT_TARGET = 16.4;
				MTL_ENABLE_DEBUG_INFO = NO;
				MTL_FAST_MATH = YES;
				SDKROOT = iphoneos;
				SWIFT_COMPILATION_MODE = wholemodule;
				SWIFT_OPTIMIZATION_LEVEL = "-O";
				VALIDATE_PRODUCT = YES;
			};
			name = Release;
		};
		6C5DA0612AB7341600A47D21 /* Debug */ = {
			isa = XCBuildConfiguration;
			buildSettings = {
				ASSETCATALOG_COMPILER_APPICON_NAME = AppIcon;
				ASSETCATALOG_COMPILER_GLOBAL_ACCENT_COLOR_NAME = AccentColor;
				CODE_SIGN_STYLE = Automatic;
				CURRENT_PROJECT_VERSION = 1;
				DEVELOPMENT_ASSET_PATHS = "\"TextModifiers/Preview Content\"";
				ENABLE_PREVIEWS = YES;
				GENERATE_INFOPLIST_FILE = YES;
				INFOPLIST_FILE = TextModifiers/Info.plist;
				INFOPLIST_KEY_UIApplicationSceneManifest_Generation = YES;
				INFOPLIST_KEY_UIApplicationSupportsIndirectInputEvents = YES;
				INFOPLIST_KEY_UILaunchScreen_Generation = YES;
				INFOPLIST_KEY_UISupportedInterfaceOrientations_iPad = "UIInterfaceOrientationPortrait UIInterfaceOrientationPortraitUpsideDown UIInterfaceOrientationLandscapeLeft UIInterfaceOrientationLandscapeRight";
				INFOPLIST_KEY_UISupportedInterfaceOrientations_iPhone = "UIInterfaceOrientationPortrait UIInterfaceOrientationLandscapeLeft UIInterfaceOrientationLandscapeRight";
				LD_RUNPATH_SEARCH_PATHS = (
					"$(inherited)",
					"@executable_path/Frameworks",
				);
				MARKETING_VERSION = 1.0;
				PRODUCT_BUNDLE_IDENTIFIER = com.framios.TextModifiers;
				PRODUCT_NAME = "$(TARGET_NAME)";
				SWIFT_EMIT_LOC_STRINGS = YES;
				SWIFT_VERSION = 5.0;
				TARGETED_DEVICE_FAMILY = "1,2";
			};
			name = Debug;
		};
		6C5DA0622AB7341600A47D21 /* Release */ = {
			isa = XCBuildConfiguration;
			buildSettings = {
				ASSETCATALOG_COMPILER_APPICON_NAME = AppIcon;
				ASSETCATALOG_COMPILER_GLOBAL_ACCENT_COLOR_NAME = AccentColor;
				CODE_SIGN_STYLE = Automatic;
				CURRENT_PROJECT_VERSION = 1;
				DEVELOPMENT_ASSET_PATHS = "\"TextModifiers/Preview Content\"";
				ENABLE_PREVIEWS = YES;
				GENERATE_INFOPLIST_FILE = YES;
				INFOPLIST_FILE = TextModifiers/Info.plist;
				INFOPLIST_KEY_UIApplicationSceneManifest_Generation = YES;
				INFOPLIST_KEY_UIApplicationSupportsIndirectInputEvents = YES;
				INFOPLIST_KEY_UILaunchScreen_Generation = YES;
				INFOPLIST_KEY_UISupportedInterfaceOrientations_iPad = "UIInterfaceOrientationPortrait UIInterfaceOrientationPortraitUpsideDown UIInterfaceOrientationLandscapeLeft UIInterfaceOrientationLandscapeRight";
				INFOPLIST_KEY_UISupportedInterfaceOrientations_iPhone = "UIInterfaceOrientationPortrait UIInterfaceOrientationLandscapeLeft UIInterfaceOrientationLandscapeRight";
				LD_RUNPATH_SEARCH_PATHS = (
					"$(inherited)",
					"@executable_path/Frameworks",
				);
				MARKETING_VERSION = 1.0;
				PRODUCT_BUNDLE_IDENTIFIER = com.framios.TextModifiers;
				PRODUCT_NAME = "$(TARGET_NAME)";
				SWIFT_EMIT_LOC_STRINGS = YES;
				SWIFT_VERSION = 5.0;
				TARGETED_DEVICE_FAMILY = "1,2";
			};
			name = Release;
		};
/* End XCBuildConfiguration section */

/* Begin XCConfigurationList section */
		6C5DA04D2AB7341500A47D21 /* Build configuration list for PBXProject "TextModifiers" */ = {
			isa = XCConfigurationList;
			buildConfigurations = (
				6C5DA05E2AB7341600A47D21 /* Debug */,
				6C5DA05F2AB7341600A47D21 /* Release */,
			);
			defaultConfigurationIsVisible = 0;
			defaultConfigurationName = Release;
		};
		6C5DA0602AB7341600A47D21 /* Build configuration list for PBXNativeTarget "TextModifiers" */ = {
			isa = XCConfigurationList;
			buildConfigurations = (
				6C5DA0612AB7341600A47D21 /* Debug */,
				6C5DA0622AB7341600A47D21 /* Release */,
			);
			defaultConfigurationIsVisible = 0;
			defaultConfigurationName = Release;
		};
/* End XCConfigurationList section */
	};
	rootObject = 6C5DA04A2AB7341500A47D21 /* Project object */;
}
